// !$*UTF8*$!
{
	archiveVersion = 1;
	classes = {
	};
	objectVersion = 56;
	objects = {

/* Begin PBXBuildFile section */
		241C3DB72A12B98400E1E631 /* AppDelegate.swift in Sources */ = {isa = PBXBuildFile; fileRef = 241C3DB62A12B98400E1E631 /* AppDelegate.swift */; };
		241C3DB92A12B98400E1E631 /* SceneDelegate.swift in Sources */ = {isa = PBXBuildFile; fileRef = 241C3DB82A12B98400E1E631 /* SceneDelegate.swift */; };
		241C3DBB2A12B98400E1E631 /* ViewController.swift in Sources */ = {isa = PBXBuildFile; fileRef = 241C3DBA2A12B98400E1E631 /* ViewController.swift */; };
		241C3DBE2A12B98400E1E631 /* Main.storyboard in Resources */ = {isa = PBXBuildFile; fileRef = 241C3DBC2A12B98400E1E631 /* Main.storyboard */; };
		241C3DC12A12B98400E1E631 /* News.xcdatamodeld in Sources */ = {isa = PBXBuildFile; fileRef = 241C3DBF2A12B98400E1E631 /* News.xcdatamodeld */; };
		241C3DC32A12B98500E1E631 /* Assets.xcassets in Resources */ = {isa = PBXBuildFile; fileRef = 241C3DC22A12B98500E1E631 /* Assets.xcassets */; };
		241C3DC62A12B98500E1E631 /* LaunchScreen.storyboard in Resources */ = {isa = PBXBuildFile; fileRef = 241C3DC42A12B98500E1E631 /* LaunchScreen.storyboard */; };
		241C3DD12A12B98500E1E631 /* NewsTests.swift in Sources */ = {isa = PBXBuildFile; fileRef = 241C3DD02A12B98500E1E631 /* NewsTests.swift */; };
		241C3DDB2A12B98500E1E631 /* NewsUITests.swift in Sources */ = {isa = PBXBuildFile; fileRef = 241C3DDA2A12B98500E1E631 /* NewsUITests.swift */; };
		241C3DDD2A12B98500E1E631 /* NewsUITestsLaunchTests.swift in Sources */ = {isa = PBXBuildFile; fileRef = 241C3DDC2A12B98500E1E631 /* NewsUITestsLaunchTests.swift */; };
		241C3DEC2A13775800E1E631 /* CollectionView+Extension.swift in Sources */ = {isa = PBXBuildFile; fileRef = 241C3DEB2A13775800E1E631 /* CollectionView+Extension.swift */; };
		241C3DEE2A1378F700E1E631 /* UICollectionViewCell+Extension.swift in Sources */ = {isa = PBXBuildFile; fileRef = 241C3DED2A1378F700E1E631 /* UICollectionViewCell+Extension.swift */; };
		241C3DF12A137A0800E1E631 /* NewsAPI in Frameworks */ = {isa = PBXBuildFile; productRef = 241C3DF02A137A0800E1E631 /* NewsAPI */; };
/* End PBXBuildFile section */

/* Begin PBXContainerItemProxy section */
		241C3DCD2A12B98500E1E631 /* PBXContainerItemProxy */ = {
			isa = PBXContainerItemProxy;
			containerPortal = 241C3DAB2A12B98400E1E631 /* Project object */;
			proxyType = 1;
			remoteGlobalIDString = 241C3DB22A12B98400E1E631;
			remoteInfo = News;
		};
		241C3DD72A12B98500E1E631 /* PBXContainerItemProxy */ = {
			isa = PBXContainerItemProxy;
			containerPortal = 241C3DAB2A12B98400E1E631 /* Project object */;
			proxyType = 1;
			remoteGlobalIDString = 241C3DB22A12B98400E1E631;
			remoteInfo = News;
		};
/* End PBXContainerItemProxy section */

/* Begin PBXFileReference section */
		241C3DB32A12B98400E1E631 /* News.app */ = {isa = PBXFileReference; explicitFileType = wrapper.application; includeInIndex = 0; path = News.app; sourceTree = BUILT_PRODUCTS_DIR; };
		241C3DB62A12B98400E1E631 /* AppDelegate.swift */ = {isa = PBXFileReference; lastKnownFileType = sourcecode.swift; path = AppDelegate.swift; sourceTree = "<group>"; };
		241C3DB82A12B98400E1E631 /* SceneDelegate.swift */ = {isa = PBXFileReference; lastKnownFileType = sourcecode.swift; path = SceneDelegate.swift; sourceTree = "<group>"; };
		241C3DBA2A12B98400E1E631 /* ViewController.swift */ = {isa = PBXFileReference; lastKnownFileType = sourcecode.swift; path = ViewController.swift; sourceTree = "<group>"; };
		241C3DBD2A12B98400E1E631 /* Base */ = {isa = PBXFileReference; lastKnownFileType = file.storyboard; name = Base; path = Base.lproj/Main.storyboard; sourceTree = "<group>"; };
		241C3DC02A12B98400E1E631 /* News.xcdatamodel */ = {isa = PBXFileReference; lastKnownFileType = wrapper.xcdatamodel; path = News.xcdatamodel; sourceTree = "<group>"; };
		241C3DC22A12B98500E1E631 /* Assets.xcassets */ = {isa = PBXFileReference; lastKnownFileType = folder.assetcatalog; path = Assets.xcassets; sourceTree = "<group>"; };
		241C3DC52A12B98500E1E631 /* Base */ = {isa = PBXFileReference; lastKnownFileType = file.storyboard; name = Base; path = Base.lproj/LaunchScreen.storyboard; sourceTree = "<group>"; };
		241C3DC72A12B98500E1E631 /* Info.plist */ = {isa = PBXFileReference; lastKnownFileType = text.plist.xml; path = Info.plist; sourceTree = "<group>"; };
		241C3DCC2A12B98500E1E631 /* NewsTests.xctest */ = {isa = PBXFileReference; explicitFileType = wrapper.cfbundle; includeInIndex = 0; path = NewsTests.xctest; sourceTree = BUILT_PRODUCTS_DIR; };
		241C3DD02A12B98500E1E631 /* NewsTests.swift */ = {isa = PBXFileReference; lastKnownFileType = sourcecode.swift; path = NewsTests.swift; sourceTree = "<group>"; };
		241C3DD62A12B98500E1E631 /* NewsUITests.xctest */ = {isa = PBXFileReference; explicitFileType = wrapper.cfbundle; includeInIndex = 0; path = NewsUITests.xctest; sourceTree = BUILT_PRODUCTS_DIR; };
		241C3DDA2A12B98500E1E631 /* NewsUITests.swift */ = {isa = PBXFileReference; lastKnownFileType = sourcecode.swift; path = NewsUITests.swift; sourceTree = "<group>"; };
		241C3DDC2A12B98500E1E631 /* NewsUITestsLaunchTests.swift */ = {isa = PBXFileReference; lastKnownFileType = sourcecode.swift; path = NewsUITestsLaunchTests.swift; sourceTree = "<group>"; };
		241C3DE92A12C93C00E1E631 /* NewsAPI */ = {isa = PBXFileReference; lastKnownFileType = wrapper; name = NewsAPI; path = ../NewsAPI; sourceTree = "<group>"; };
		241C3DEB2A13775800E1E631 /* CollectionView+Extension.swift */ = {isa = PBXFileReference; lastKnownFileType = sourcecode.swift; path = "CollectionView+Extension.swift"; sourceTree = "<group>"; };
		241C3DED2A1378F700E1E631 /* UICollectionViewCell+Extension.swift */ = {isa = PBXFileReference; lastKnownFileType = sourcecode.swift; path = "UICollectionViewCell+Extension.swift"; sourceTree = "<group>"; };
/* End PBXFileReference section */

/* Begin PBXFrameworksBuildPhase section */
		241C3DB02A12B98400E1E631 /* Frameworks */ = {
			isa = PBXFrameworksBuildPhase;
			buildActionMask = 2147483647;
			files = (
				241C3DF12A137A0800E1E631 /* NewsAPI in Frameworks */,
			);
			runOnlyForDeploymentPostprocessing = 0;
		};
		241C3DC92A12B98500E1E631 /* Frameworks */ = {
			isa = PBXFrameworksBuildPhase;
			buildActionMask = 2147483647;
			files = (
			);
			runOnlyForDeploymentPostprocessing = 0;
		};
		241C3DD32A12B98500E1E631 /* Frameworks */ = {
			isa = PBXFrameworksBuildPhase;
			buildActionMask = 2147483647;
			files = (
			);
			runOnlyForDeploymentPostprocessing = 0;
		};
/* End PBXFrameworksBuildPhase section */

/* Begin PBXGroup section */
		241C3DAA2A12B98400E1E631 = {
			isa = PBXGroup;
			children = (
				241C3DE92A12C93C00E1E631 /* NewsAPI */,
				241C3DB52A12B98400E1E631 /* News */,
				241C3DCF2A12B98500E1E631 /* NewsTests */,
				241C3DD92A12B98500E1E631 /* NewsUITests */,
				241C3DB42A12B98400E1E631 /* Products */,
				241C3DEF2A137A0800E1E631 /* Frameworks */,
			);
			sourceTree = "<group>";
		};
		241C3DB42A12B98400E1E631 /* Products */ = {
			isa = PBXGroup;
			children = (
				241C3DB32A12B98400E1E631 /* News.app */,
				241C3DCC2A12B98500E1E631 /* NewsTests.xctest */,
				241C3DD62A12B98500E1E631 /* NewsUITests.xctest */,
			);
			name = Products;
			sourceTree = "<group>";
		};
		241C3DB52A12B98400E1E631 /* News */ = {
			isa = PBXGroup;
			children = (
				241C3DEA2A13773700E1E631 /* Extensions */,
				241C3DB62A12B98400E1E631 /* AppDelegate.swift */,
				241C3DB82A12B98400E1E631 /* SceneDelegate.swift */,
				241C3DBA2A12B98400E1E631 /* ViewController.swift */,
				241C3DBC2A12B98400E1E631 /* Main.storyboard */,
				241C3DC22A12B98500E1E631 /* Assets.xcassets */,
				241C3DC42A12B98500E1E631 /* LaunchScreen.storyboard */,
				241C3DC72A12B98500E1E631 /* Info.plist */,
				241C3DBF2A12B98400E1E631 /* News.xcdatamodeld */,
			);
			path = News;
			sourceTree = "<group>";
		};
		241C3DCF2A12B98500E1E631 /* NewsTests */ = {
			isa = PBXGroup;
			children = (
				241C3DD02A12B98500E1E631 /* NewsTests.swift */,
			);
			path = NewsTests;
			sourceTree = "<group>";
		};
		241C3DD92A12B98500E1E631 /* NewsUITests */ = {
			isa = PBXGroup;
			children = (
				241C3DDA2A12B98500E1E631 /* NewsUITests.swift */,
				241C3DDC2A12B98500E1E631 /* NewsUITestsLaunchTests.swift */,
			);
			path = NewsUITests;
			sourceTree = "<group>";
		};
		241C3DEA2A13773700E1E631 /* Extensions */ = {
			isa = PBXGroup;
			children = (
				241C3DEB2A13775800E1E631 /* CollectionView+Extension.swift */,
				241C3DED2A1378F700E1E631 /* UICollectionViewCell+Extension.swift */,
			);
			path = Extensions;
			sourceTree = "<group>";
		};
		241C3DEF2A137A0800E1E631 /* Frameworks */ = {
			isa = PBXGroup;
			children = (
			);
			name = Frameworks;
			sourceTree = "<group>";
		};
/* End PBXGroup section */

/* Begin PBXNativeTarget section */
		241C3DB22A12B98400E1E631 /* News */ = {
			isa = PBXNativeTarget;
			buildConfigurationList = 241C3DE02A12B98500E1E631 /* Build configuration list for PBXNativeTarget "News" */;
			buildPhases = (
				241C3DAF2A12B98400E1E631 /* Sources */,
				241C3DB02A12B98400E1E631 /* Frameworks */,
				241C3DB12A12B98400E1E631 /* Resources */,
			);
			buildRules = (
			);
			dependencies = (
			);
			name = News;
			packageProductDependencies = (
				241C3DF02A137A0800E1E631 /* NewsAPI */,
			);
			productName = News;
			productReference = 241C3DB32A12B98400E1E631 /* News.app */;
			productType = "com.apple.product-type.application";
		};
		241C3DCB2A12B98500E1E631 /* NewsTests */ = {
			isa = PBXNativeTarget;
			buildConfigurationList = 241C3DE32A12B98500E1E631 /* Build configuration list for PBXNativeTarget "NewsTests" */;
			buildPhases = (
				241C3DC82A12B98500E1E631 /* Sources */,
				241C3DC92A12B98500E1E631 /* Frameworks */,
				241C3DCA2A12B98500E1E631 /* Resources */,
			);
			buildRules = (
			);
			dependencies = (
				241C3DCE2A12B98500E1E631 /* PBXTargetDependency */,
			);
			name = NewsTests;
			productName = NewsTests;
			productReference = 241C3DCC2A12B98500E1E631 /* NewsTests.xctest */;
			productType = "com.apple.product-type.bundle.unit-test";
		};
		241C3DD52A12B98500E1E631 /* NewsUITests */ = {
			isa = PBXNativeTarget;
			buildConfigurationList = 241C3DE62A12B98500E1E631 /* Build configuration list for PBXNativeTarget "NewsUITests" */;
			buildPhases = (
				241C3DD22A12B98500E1E631 /* Sources */,
				241C3DD32A12B98500E1E631 /* Frameworks */,
				241C3DD42A12B98500E1E631 /* Resources */,
			);
			buildRules = (
			);
			dependencies = (
				241C3DD82A12B98500E1E631 /* PBXTargetDependency */,
			);
			name = NewsUITests;
			productName = NewsUITests;
			productReference = 241C3DD62A12B98500E1E631 /* NewsUITests.xctest */;
			productType = "com.apple.product-type.bundle.ui-testing";
		};
/* End PBXNativeTarget section */

/* Begin PBXProject section */
		241C3DAB2A12B98400E1E631 /* Project object */ = {
			isa = PBXProject;
			attributes = {
				BuildIndependentTargetsInParallel = 1;
				LastSwiftUpdateCheck = 1430;
				LastUpgradeCheck = 1430;
				TargetAttributes = {
					241C3DB22A12B98400E1E631 = {
						CreatedOnToolsVersion = 14.3;
					};
					241C3DCB2A12B98500E1E631 = {
						CreatedOnToolsVersion = 14.3;
						TestTargetID = 241C3DB22A12B98400E1E631;
					};
					241C3DD52A12B98500E1E631 = {
						CreatedOnToolsVersion = 14.3;
						TestTargetID = 241C3DB22A12B98400E1E631;
					};
				};
			};
			buildConfigurationList = 241C3DAE2A12B98400E1E631 /* Build configuration list for PBXProject "News" */;
			compatibilityVersion = "Xcode 14.0";
			developmentRegion = en;
			hasScannedForEncodings = 0;
			knownRegions = (
				en,
				Base,
			);
			mainGroup = 241C3DAA2A12B98400E1E631;
			productRefGroup = 241C3DB42A12B98400E1E631 /* Products */;
			projectDirPath = "";
			projectRoot = "";
			targets = (
				241C3DB22A12B98400E1E631 /* News */,
				241C3DCB2A12B98500E1E631 /* NewsTests */,
				241C3DD52A12B98500E1E631 /* NewsUITests */,
			);
		};
/* End PBXProject section */

/* Begin PBXResourcesBuildPhase section */
		241C3DB12A12B98400E1E631 /* Resources */ = {
			isa = PBXResourcesBuildPhase;
			buildActionMask = 2147483647;
			files = (
				241C3DC62A12B98500E1E631 /* LaunchScreen.storyboard in Resources */,
				241C3DC32A12B98500E1E631 /* Assets.xcassets in Resources */,
				241C3DBE2A12B98400E1E631 /* Main.storyboard in Resources */,
			);
			runOnlyForDeploymentPostprocessing = 0;
		};
		241C3DCA2A12B98500E1E631 /* Resources */ = {
			isa = PBXResourcesBuildPhase;
			buildActionMask = 2147483647;
			files = (
			);
			runOnlyForDeploymentPostprocessing = 0;
		};
		241C3DD42A12B98500E1E631 /* Resources */ = {
			isa = PBXResourcesBuildPhase;
			buildActionMask = 2147483647;
			files = (
			);
			runOnlyForDeploymentPostprocessing = 0;
		};
/* End PBXResourcesBuildPhase section */

/* Begin PBXSourcesBuildPhase section */
		241C3DAF2A12B98400E1E631 /* Sources */ = {
			isa = PBXSourcesBuildPhase;
			buildActionMask = 2147483647;
			files = (
				241C3DBB2A12B98400E1E631 /* ViewController.swift in Sources */,
				241C3DB72A12B98400E1E631 /* AppDelegate.swift in Sources */,
				241C3DEE2A1378F700E1E631 /* UICollectionViewCell+Extension.swift in Sources */,
				241C3DC12A12B98400E1E631 /* News.xcdatamodeld in Sources */,
				241C3DEC2A13775800E1E631 /* CollectionView+Extension.swift in Sources */,
				241C3DB92A12B98400E1E631 /* SceneDelegate.swift in Sources */,
			);
			runOnlyForDeploymentPostprocessing = 0;
		};
		241C3DC82A12B98500E1E631 /* Sources */ = {
			isa = PBXSourcesBuildPhase;
			buildActionMask = 2147483647;
			files = (
				241C3DD12A12B98500E1E631 /* NewsTests.swift in Sources */,
			);
			runOnlyForDeploymentPostprocessing = 0;
		};
		241C3DD22A12B98500E1E631 /* Sources */ = {
			isa = PBXSourcesBuildPhase;
			buildActionMask = 2147483647;
			files = (
				241C3DDB2A12B98500E1E631 /* NewsUITests.swift in Sources */,
				241C3DDD2A12B98500E1E631 /* NewsUITestsLaunchTests.swift in Sources */,
			);
			runOnlyForDeploymentPostprocessing = 0;
		};
/* End PBXSourcesBuildPhase section */

/* Begin PBXTargetDependency section */
		241C3DCE2A12B98500E1E631 /* PBXTargetDependency */ = {
			isa = PBXTargetDependency;
			target = 241C3DB22A12B98400E1E631 /* News */;
			targetProxy = 241C3DCD2A12B98500E1E631 /* PBXContainerItemProxy */;
		};
		241C3DD82A12B98500E1E631 /* PBXTargetDependency */ = {
			isa = PBXTargetDependency;
			target = 241C3DB22A12B98400E1E631 /* News */;
			targetProxy = 241C3DD72A12B98500E1E631 /* PBXContainerItemProxy */;
		};
/* End PBXTargetDependency section */

/* Begin PBXVariantGroup section */
		241C3DBC2A12B98400E1E631 /* Main.storyboard */ = {
			isa = PBXVariantGroup;
			children = (
				241C3DBD2A12B98400E1E631 /* Base */,
			);
			name = Main.storyboard;
			sourceTree = "<group>";
		};
		241C3DC42A12B98500E1E631 /* LaunchScreen.storyboard */ = {
			isa = PBXVariantGroup;
			children = (
				241C3DC52A12B98500E1E631 /* Base */,
			);
			name = LaunchScreen.storyboard;
			sourceTree = "<group>";
		};
/* End PBXVariantGroup section */

/* Begin XCBuildConfiguration section */
		241C3DDE2A12B98500E1E631 /* Debug */ = {
			isa = XCBuildConfiguration;
			buildSettings = {
				ALWAYS_SEARCH_USER_PATHS = NO;
				CLANG_ANALYZER_NONNULL = YES;
				CLANG_ANALYZER_NUMBER_OBJECT_CONVERSION = YES_AGGRESSIVE;
				CLANG_CXX_LANGUAGE_STANDARD = "gnu++20";
				CLANG_ENABLE_MODULES = YES;
				CLANG_ENABLE_OBJC_ARC = YES;
				CLANG_ENABLE_OBJC_WEAK = YES;
				CLANG_WARN_BLOCK_CAPTURE_AUTORELEASING = YES;
				CLANG_WARN_BOOL_CONVERSION = YES;
				CLANG_WARN_COMMA = YES;
				CLANG_WARN_CONSTANT_CONVERSION = YES;
				CLANG_WARN_DEPRECATED_OBJC_IMPLEMENTATIONS = YES;
				CLANG_WARN_DIRECT_OBJC_ISA_USAGE = YES_ERROR;
				CLANG_WARN_DOCUMENTATION_COMMENTS = YES;
				CLANG_WARN_EMPTY_BODY = YES;
				CLANG_WARN_ENUM_CONVERSION = YES;
				CLANG_WARN_INFINITE_RECURSION = YES;
				CLANG_WARN_INT_CONVERSION = YES;
				CLANG_WARN_NON_LITERAL_NULL_CONVERSION = YES;
				CLANG_WARN_OBJC_IMPLICIT_RETAIN_SELF = YES;
				CLANG_WARN_OBJC_LITERAL_CONVERSION = YES;
				CLANG_WARN_OBJC_ROOT_CLASS = YES_ERROR;
				CLANG_WARN_QUOTED_INCLUDE_IN_FRAMEWORK_HEADER = YES;
				CLANG_WARN_RANGE_LOOP_ANALYSIS = YES;
				CLANG_WARN_STRICT_PROTOTYPES = YES;
				CLANG_WARN_SUSPICIOUS_MOVE = YES;
				CLANG_WARN_UNGUARDED_AVAILABILITY = YES_AGGRESSIVE;
				CLANG_WARN_UNREACHABLE_CODE = YES;
				CLANG_WARN__DUPLICATE_METHOD_MATCH = YES;
				COPY_PHASE_STRIP = NO;
				DEBUG_INFORMATION_FORMAT = dwarf;
				ENABLE_STRICT_OBJC_MSGSEND = YES;
				ENABLE_TESTABILITY = YES;
				GCC_C_LANGUAGE_STANDARD = gnu11;
				GCC_DYNAMIC_NO_PIC = NO;
				GCC_NO_COMMON_BLOCKS = YES;
				GCC_OPTIMIZATION_LEVEL = 0;
				GCC_PREPROCESSOR_DEFINITIONS = (
					"DEBUG=1",
					"$(inherited)",
				);
				GCC_WARN_64_TO_32_BIT_CONVERSION = YES;
				GCC_WARN_ABOUT_RETURN_TYPE = YES_ERROR;
				GCC_WARN_UNDECLARED_SELECTOR = YES;
				GCC_WARN_UNINITIALIZED_AUTOS = YES_AGGRESSIVE;
				GCC_WARN_UNUSED_FUNCTION = YES;
				GCC_WARN_UNUSED_VARIABLE = YES;
				IPHONEOS_DEPLOYMENT_TARGET = 16.4;
				MTL_ENABLE_DEBUG_INFO = INCLUDE_SOURCE;
				MTL_FAST_MATH = YES;
				ONLY_ACTIVE_ARCH = YES;
				SDKROOT = iphoneos;
				SWIFT_ACTIVE_COMPILATION_CONDITIONS = DEBUG;
				SWIFT_OPTIMIZATION_LEVEL = "-Onone";
			};
			name = Debug;
		};
		241C3DDF2A12B98500E1E631 /* Release */ = {
			isa = XCBuildConfiguration;
			buildSettings = {
				ALWAYS_SEARCH_USER_PATHS = NO;
				CLANG_ANALYZER_NONNULL = YES;
				CLANG_ANALYZER_NUMBER_OBJECT_CONVERSION = YES_AGGRESSIVE;
				CLANG_CXX_LANGUAGE_STANDARD = "gnu++20";
				CLANG_ENABLE_MODULES = YES;
				CLANG_ENABLE_OBJC_ARC = YES;
				CLANG_ENABLE_OBJC_WEAK = YES;
				CLANG_WARN_BLOCK_CAPTURE_AUTORELEASING = YES;
				CLANG_WARN_BOOL_CONVERSION = YES;
				CLANG_WARN_COMMA = YES;
				CLANG_WARN_CONSTANT_CONVERSION = YES;
				CLANG_WARN_DEPRECATED_OBJC_IMPLEMENTATIONS = YES;
				CLANG_WARN_DIRECT_OBJC_ISA_USAGE = YES_ERROR;
				CLANG_WARN_DOCUMENTATION_COMMENTS = YES;
				CLANG_WARN_EMPTY_BODY = YES;
				CLANG_WARN_ENUM_CONVERSION = YES;
				CLANG_WARN_INFINITE_RECURSION = YES;
				CLANG_WARN_INT_CONVERSION = YES;
				CLANG_WARN_NON_LITERAL_NULL_CONVERSION = YES;
				CLANG_WARN_OBJC_IMPLICIT_RETAIN_SELF = YES;
				CLANG_WARN_OBJC_LITERAL_CONVERSION = YES;
				CLANG_WARN_OBJC_ROOT_CLASS = YES_ERROR;
				CLANG_WARN_QUOTED_INCLUDE_IN_FRAMEWORK_HEADER = YES;
				CLANG_WARN_RANGE_LOOP_ANALYSIS = YES;
				CLANG_WARN_STRICT_PROTOTYPES = YES;
				CLANG_WARN_SUSPICIOUS_MOVE = YES;
				CLANG_WARN_UNGUARDED_AVAILABILITY = YES_AGGRESSIVE;
				CLANG_WARN_UNREACHABLE_CODE = YES;
				CLANG_WARN__DUPLICATE_METHOD_MATCH = YES;
				COPY_PHASE_STRIP = NO;
				DEBUG_INFORMATION_FORMAT = "dwarf-with-dsym";
				ENABLE_NS_ASSERTIONS = NO;
				ENABLE_STRICT_OBJC_MSGSEND = YES;
				GCC_C_LANGUAGE_STANDARD = gnu11;
				GCC_NO_COMMON_BLOCKS = YES;
				GCC_WARN_64_TO_32_BIT_CONVERSION = YES;
				GCC_WARN_ABOUT_RETURN_TYPE = YES_ERROR;
				GCC_WARN_UNDECLARED_SELECTOR = YES;
				GCC_WARN_UNINITIALIZED_AUTOS = YES_AGGRESSIVE;
				GCC_WARN_UNUSED_FUNCTION = YES;
				GCC_WARN_UNUSED_VARIABLE = YES;
				IPHONEOS_DEPLOYMENT_TARGET = 16.4;
				MTL_ENABLE_DEBUG_INFO = NO;
				MTL_FAST_MATH = YES;
				SDKROOT = iphoneos;
				SWIFT_COMPILATION_MODE = wholemodule;
				SWIFT_OPTIMIZATION_LEVEL = "-O";
				VALIDATE_PRODUCT = YES;
			};
			name = Release;
		};
		241C3DE12A12B98500E1E631 /* Debug */ = {
			isa = XCBuildConfiguration;
			buildSettings = {
				ASSETCATALOG_COMPILER_APPICON_NAME = AppIcon;
				ASSETCATALOG_COMPILER_GLOBAL_ACCENT_COLOR_NAME = AccentColor;
				CODE_SIGN_STYLE = Automatic;
				CURRENT_PROJECT_VERSION = 1;
				DEVELOPMENT_TEAM = F234PDQ4YW;
				GENERATE_INFOPLIST_FILE = YES;
				INFOPLIST_FILE = News/Info.plist;
				INFOPLIST_KEY_UIApplicationSupportsIndirectInputEvents = YES;
				INFOPLIST_KEY_UILaunchStoryboardName = LaunchScreen;
				INFOPLIST_KEY_UIMainStoryboardFile = Main;
				INFOPLIST_KEY_UISupportedInterfaceOrientations_iPad = "UIInterfaceOrientationPortrait UIInterfaceOrientationPortraitUpsideDown UIInterfaceOrientationLandscapeLeft UIInterfaceOrientationLandscapeRight";
				INFOPLIST_KEY_UISupportedInterfaceOrientations_iPhone = "UIInterfaceOrientationPortrait UIInterfaceOrientationLandscapeLeft UIInterfaceOrientationLandscapeRight";
				LD_RUNPATH_SEARCH_PATHS = (
					"$(inherited)",
					"@executable_path/Frameworks",
				);
				MARKETING_VERSION = 1.0;
				PRODUCT_BUNDLE_IDENTIFIER = com.alperban.News;
				PRODUCT_NAME = "$(TARGET_NAME)";
				SWIFT_EMIT_LOC_STRINGS = YES;
				SWIFT_VERSION = 5.0;
				TARGETED_DEVICE_FAMILY = "1,2";
			};
			name = Debug;
		};
		241C3DE22A12B98500E1E631 /* Release */ = {
			isa = XCBuildConfiguration;
			buildSettings = {
				ASSETCATALOG_COMPILER_APPICON_NAME = AppIcon;
				ASSETCATALOG_COMPILER_GLOBAL_ACCENT_COLOR_NAME = AccentColor;
				CODE_SIGN_STYLE = Automatic;
				CURRENT_PROJECT_VERSION = 1;
				DEVELOPMENT_TEAM = F234PDQ4YW;
				GENERATE_INFOPLIST_FILE = YES;
				INFOPLIST_FILE = News/Info.plist;
				INFOPLIST_KEY_UIApplicationSupportsIndirectInputEvents = YES;
				INFOPLIST_KEY_UILaunchStoryboardName = LaunchScreen;
				INFOPLIST_KEY_UIMainStoryboardFile = Main;
				INFOPLIST_KEY_UISupportedInterfaceOrientations_iPad = "UIInterfaceOrientationPortrait UIInterfaceOrientationPortraitUpsideDown UIInterfaceOrientationLandscapeLeft UIInterfaceOrientationLandscapeRight";
				INFOPLIST_KEY_UISupportedInterfaceOrientations_iPhone = "UIInterfaceOrientationPortrait UIInterfaceOrientationLandscapeLeft UIInterfaceOrientationLandscapeRight";
				LD_RUNPATH_SEARCH_PATHS = (
					"$(inherited)",
					"@executable_path/Frameworks",
				);
				MARKETING_VERSION = 1.0;
				PRODUCT_BUNDLE_IDENTIFIER = com.alperban.News;
				PRODUCT_NAME = "$(TARGET_NAME)";
				SWIFT_EMIT_LOC_STRINGS = YES;
				SWIFT_VERSION = 5.0;
				TARGETED_DEVICE_FAMILY = "1,2";
			};
			name = Release;
		};
		241C3DE42A12B98500E1E631 /* Debug */ = {
			isa = XCBuildConfiguration;
			buildSettings = {
				ALWAYS_EMBED_SWIFT_STANDARD_LIBRARIES = YES;
				BUNDLE_LOADER = "$(TEST_HOST)";
				CODE_SIGN_STYLE = Automatic;
				CURRENT_PROJECT_VERSION = 1;
				DEVELOPMENT_TEAM = F234PDQ4YW;
				GENERATE_INFOPLIST_FILE = YES;
				IPHONEOS_DEPLOYMENT_TARGET = 16.4;
				MARKETING_VERSION = 1.0;
				PRODUCT_BUNDLE_IDENTIFIER = com.alperban.NewsTests;
				PRODUCT_NAME = "$(TARGET_NAME)";
				SWIFT_EMIT_LOC_STRINGS = NO;
				SWIFT_VERSION = 5.0;
				TARGETED_DEVICE_FAMILY = "1,2";
				TEST_HOST = "$(BUILT_PRODUCTS_DIR)/News.app/$(BUNDLE_EXECUTABLE_FOLDER_PATH)/News";
			};
			name = Debug;
		};
		241C3DE52A12B98500E1E631 /* Release */ = {
			isa = XCBuildConfiguration;
			buildSettings = {
				ALWAYS_EMBED_SWIFT_STANDARD_LIBRARIES = YES;
				BUNDLE_LOADER = "$(TEST_HOST)";
				CODE_SIGN_STYLE = Automatic;
				CURRENT_PROJECT_VERSION = 1;
				DEVELOPMENT_TEAM = F234PDQ4YW;
				GENERATE_INFOPLIST_FILE = YES;
				IPHONEOS_DEPLOYMENT_TARGET = 16.4;
				MARKETING_VERSION = 1.0;
				PRODUCT_BUNDLE_IDENTIFIER = com.alperban.NewsTests;
				PRODUCT_NAME = "$(TARGET_NAME)";
				SWIFT_EMIT_LOC_STRINGS = NO;
				SWIFT_VERSION = 5.0;
				TARGETED_DEVICE_FAMILY = "1,2";
				TEST_HOST = "$(BUILT_PRODUCTS_DIR)/News.app/$(BUNDLE_EXECUTABLE_FOLDER_PATH)/News";
			};
			name = Release;
		};
		241C3DE72A12B98500E1E631 /* Debug */ = {
			isa = XCBuildConfiguration;
			buildSettings = {
				ALWAYS_EMBED_SWIFT_STANDARD_LIBRARIES = YES;
				CODE_SIGN_STYLE = Automatic;
				CURRENT_PROJECT_VERSION = 1;
				DEVELOPMENT_TEAM = F234PDQ4YW;
				GENERATE_INFOPLIST_FILE = YES;
				MARKETING_VERSION = 1.0;
				PRODUCT_BUNDLE_IDENTIFIER = com.alperban.NewsUITests;
				PRODUCT_NAME = "$(TARGET_NAME)";
				SWIFT_EMIT_LOC_STRINGS = NO;
				SWIFT_VERSION = 5.0;
				TARGETED_DEVICE_FAMILY = "1,2";
				TEST_TARGET_NAME = News;
			};
			name = Debug;
		};
		241C3DE82A12B98500E1E631 /* Release */ = {
			isa = XCBuildConfiguration;
			buildSettings = {
				ALWAYS_EMBED_SWIFT_STANDARD_LIBRARIES = YES;
				CODE_SIGN_STYLE = Automatic;
				CURRENT_PROJECT_VERSION = 1;
				DEVELOPMENT_TEAM = F234PDQ4YW;
				GENERATE_INFOPLIST_FILE = YES;
				MARKETING_VERSION = 1.0;
				PRODUCT_BUNDLE_IDENTIFIER = com.alperban.NewsUITests;
				PRODUCT_NAME = "$(TARGET_NAME)";
				SWIFT_EMIT_LOC_STRINGS = NO;
				SWIFT_VERSION = 5.0;
				TARGETED_DEVICE_FAMILY = "1,2";
				TEST_TARGET_NAME = News;
			};
			name = Release;
		};
/* End XCBuildConfiguration section */

/* Begin XCConfigurationList section */
		241C3DAE2A12B98400E1E631 /* Build configuration list for PBXProject "News" */ = {
			isa = XCConfigurationList;
			buildConfigurations = (
				241C3DDE2A12B98500E1E631 /* Debug */,
				241C3DDF2A12B98500E1E631 /* Release */,
			);
			defaultConfigurationIsVisible = 0;
			defaultConfigurationName = Release;
		};
		241C3DE02A12B98500E1E631 /* Build configuration list for PBXNativeTarget "News" */ = {
			isa = XCConfigurationList;
			buildConfigurations = (
				241C3DE12A12B98500E1E631 /* Debug */,
				241C3DE22A12B98500E1E631 /* Release */,
			);
			defaultConfigurationIsVisible = 0;
			defaultConfigurationName = Release;
		};
		241C3DE32A12B98500E1E631 /* Build configuration list for PBXNativeTarget "NewsTests" */ = {
			isa = XCConfigurationList;
			buildConfigurations = (
				241C3DE42A12B98500E1E631 /* Debug */,
				241C3DE52A12B98500E1E631 /* Release */,
			);
			defaultConfigurationIsVisible = 0;
			defaultConfigurationName = Release;
		};
		241C3DE62A12B98500E1E631 /* Build configuration list for PBXNativeTarget "NewsUITests" */ = {
			isa = XCConfigurationList;
			buildConfigurations = (
				241C3DE72A12B98500E1E631 /* Debug */,
				241C3DE82A12B98500E1E631 /* Release */,
			);
			defaultConfigurationIsVisible = 0;
			defaultConfigurationName = Release;
		};
/* End XCConfigurationList section */

/* Begin XCSwiftPackageProductDependency section */
		241C3DF02A137A0800E1E631 /* NewsAPI */ = {
			isa = XCSwiftPackageProductDependency;
			productName = NewsAPI;
		};
/* End XCSwiftPackageProductDependency section */

/* Begin XCVersionGroup section */
		241C3DBF2A12B98400E1E631 /* News.xcdatamodeld */ = {
			isa = XCVersionGroup;
			children = (
				241C3DC02A12B98400E1E631 /* News.xcdatamodel */,
			);
			currentVersion = 241C3DC02A12B98400E1E631 /* News.xcdatamodel */;
			path = News.xcdatamodeld;
			sourceTree = "<group>";
			versionGroupType = wrapper.xcdatamodel;
		};
/* End XCVersionGroup section */
	};
	rootObject = 241C3DAB2A12B98400E1E631 /* Project object */;
}
